
Microsoft Visual Studio Solution File, Format Version 12.00
# Visual Studio Version 16
VisualStudioVersion = 16.0.32106.194
MinimumVisualStudioVersion = 10.0.40219.1
Project("{9A19103F-16F7-4668-BE54-9A1E7A4F7556}") = "Inven", "Inven.csproj", "{F7EDFD38-D019-4FCC-B14B-A166BDEA0502}"
	ProjectSection(ProjectDependencies) = postProject
		{581EB140-7637-4F56-93CF-D642A1D6AEF3} = {581EB140-7637-4F56-93CF-D642A1D6AEF3}
		{77074E54-A505-455E-910F-B4F373CE1A31} = {77074E54-A505-455E-910F-B4F373CE1A31}
	EndProjectSection
EndProject
Project("{FAE04EC0-301F-11D3-BF4B-00C04F79EFBC}") = "Inven.Core", "..\Inven.Core\Inven.Core.csproj", "{581EB140-7637-4F56-93CF-D642A1D6AEF3}"
EndProject
Project("{FAE04EC0-301F-11D3-BF4B-00C04F79EFBC}") = "Inven.Data", "..\Inven.Data\Inven.Data.csproj", "{77074E54-A505-455E-910F-B4F373CE1A31}"
EndProject
Global
	GlobalSection(SolutionConfigurationPlatforms) = preSolution
		Debug|Any CPU = Debug|Any CPU
		Release|Any CPU = Release|Any CPU
	EndGlobalSection
	GlobalSection(ProjectConfigurationPlatforms) = postSolution
		{F7EDFD38-D019-4FCC-B14B-A166BDEA0502}.Debug|Any CPU.ActiveCfg = Debug|Any CPU
		{F7EDFD38-D019-4FCC-B14B-A166BDEA0502}.Debug|Any CPU.Build.0 = Debug|Any CPU
		{F7EDFD38-D019-4FCC-B14B-A166BDEA0502}.Release|Any CPU.ActiveCfg = Release|Any CPU
		{F7EDFD38-D019-4FCC-B14B-A166BDEA0502}.Release|Any CPU.Build.0 = Release|Any CPU
		{581EB140-7637-4F56-93CF-D642A1D6AEF3}.Debug|Any CPU.ActiveCfg = Debug|Any CPU
		{581EB140-7637-4F56-93CF-D642A1D6AEF3}.Debug|Any CPU.Build.0 = Debug|Any CPU
		{581EB140-7637-4F56-93CF-D642A1D6AEF3}.Release|Any CPU.ActiveCfg = Release|Any CPU
		{581EB140-7637-4F56-93CF-D642A1D6AEF3}.Release|Any CPU.Build.0 = Release|Any CPU
		{77074E54-A505-455E-910F-B4F373CE1A31}.Debug|Any CPU.ActiveCfg = Debug|Any CPU
		{77074E54-A505-455E-910F-B4F373CE1A31}.Debug|Any CPU.Build.0 = Debug|Any CPU
		{77074E54-A505-455E-910F-B4F373CE1A31}.Release|Any CPU.ActiveCfg = Release|Any CPU
		{77074E54-A505-455E-910F-B4F373CE1A31}.Release|Any CPU.Build.0 = Release|Any CPU
	EndGlobalSection
	GlobalSection(SolutionProperties) = preSolution
		HideSolutionNode = FALSE
	EndGlobalSection
	GlobalSection(ExtensibilityGlobals) = postSolution
		SolutionGuid = {15F998D4-248C-41E8-8576-8DAAE424D865}
	EndGlobalSection
EndGlobal
